
Microsoft Visual Studio Solution File, Format Version 12.00
# Visual Studio Version 17
VisualStudioVersion = 17.3.32819.101
MinimumVisualStudioVersion = 10.0.40219.1
Project("{FAE04EC0-301F-11D3-BF4B-00C04F79EFBC}") = "FileConversion", "FileConversion.csproj", "{D5194691-0722-472B-A780-AE41E813A3EB}"
EndProject
Project("{FAE04EC0-301F-11D3-BF4B-00C04F79EFBC}") = "ConsoleApp16", "..\ConsoleApp16\ConsoleApp16.csproj", "{FF7DAD9B-2A8F-4C7A-BCA4-162EF8C192CA}"
EndProject
Project("{FAE04EC0-301F-11D3-BF4B-00C04F79EFBC}") = "testDocx", "..\testDocx\testDocx.csproj", "{F1C352F6-B472-4292-8927-57D3012826B7}"
EndProject
Global
	GlobalSection(SolutionConfigurationPlatforms) = preSolution
		Debug|Any CPU = Debug|Any CPU
		Release|Any CPU = Release|Any CPU
	EndGlobalSection
	GlobalSection(ProjectConfigurationPlatforms) = postSolution
		{D5194691-0722-472B-A780-AE41E813A3EB}.Debug|Any CPU.ActiveCfg = Debug|Any CPU
		{D5194691-0722-472B-A780-AE41E813A3EB}.Debug|Any CPU.Build.0 = Debug|Any CPU
		{D5194691-0722-472B-A780-AE41E813A3EB}.Release|Any CPU.ActiveCfg = Release|Any CPU
		{D5194691-0722-472B-A780-AE41E813A3EB}.Release|Any CPU.Build.0 = Release|Any CPU
		{FF7DAD9B-2A8F-4C7A-BCA4-162EF8C192CA}.Debug|Any CPU.ActiveCfg = Debug|Any CPU
		{FF7DAD9B-2A8F-4C7A-BCA4-162EF8C192CA}.Debug|Any CPU.Build.0 = Debug|Any CPU
		{FF7DAD9B-2A8F-4C7A-BCA4-162EF8C192CA}.Release|Any CPU.ActiveCfg = Release|Any CPU
		{FF7DAD9B-2A8F-4C7A-BCA4-162EF8C192CA}.Release|Any CPU.Build.0 = Release|Any CPU
		{F1C352F6-B472-4292-8927-57D3012826B7}.Debug|Any CPU.ActiveCfg = Debug|Any CPU
		{F1C352F6-B472-4292-8927-57D3012826B7}.Debug|Any CPU.Build.0 = Debug|Any CPU
		{F1C352F6-B472-4292-8927-57D3012826B7}.Release|Any CPU.ActiveCfg = Release|Any CPU
		{F1C352F6-B472-4292-8927-57D3012826B7}.Release|Any CPU.Build.0 = Release|Any CPU
	EndGlobalSection
	GlobalSection(SolutionProperties) = preSolution
		HideSolutionNode = FALSE
	EndGlobalSection
	GlobalSection(ExtensibilityGlobals) = postSolution
		SolutionGuid = {AE368AE6-B5B2-45A8-906E-F8C862BE6B53}
	EndGlobalSection
EndGlobal
